
Microsoft Visual Studio Solution File, Format Version 12.00
# Visual Studio Version 17
VisualStudioVersion = 17.14.36930.0
MinimumVisualStudioVersion = 10.0.40219.1
Project("{2150E333-8FDC-42A3-9474-1A3956D46DE8}") = "Task0", "Task0", "{02EA681E-C7D8-13C7-8484-4AC65E1B71E8}"
EndProject
Project("{FAE04EC0-301F-11D3-BF4B-00C04F79EFBC}") = "Tyuiu.AshirovaDA.Sprint0.Task0.V0", "Tyuiu.AshirovaDA.Sprint0.Task0.V0\Tyuiu.AshirovaDA.Sprint0.Task0.V0.csproj", "{9630A6F4-3CD1-4BF2-9CE1-A99547F3240C}"
EndProject
Project("{2150E333-8FDC-42A3-9474-1A3956D46DE8}") = "Task1", "Task1", "{257B423B-4055-4C7C-84D3-5BE1241DC35B}"
EndProject
Project("{FAE04EC0-301F-11D3-BF4B-00C04F79EFBC}") = "Tyuiu.AshirovaDA.Srint0.Task1.V0", "Tyuiu.AshirovaDA.Srint0.Task1.V0\Tyuiu.AshirovaDA.Srint0.Task1.V0.csproj", "{5D441EF0-56FB-462F-B85F-7B0D9215C7C0}"
EndProject
Project("{2150E333-8FDC-42A3-9474-1A3956D46DE8}") = "Task2", "Task2", "{57D4BC74-A38C-4B7D-A08B-2921C7C557D6}"
EndProject
Project("{FAE04EC0-301F-11D3-BF4B-00C04F79EFBC}") = "Tyuiu.AshirovaDA.Sprint0.Task2.V0", "Tyuiu.AshirovaDA.Sprint0.Task2.V0\Tyuiu.AshirovaDA.Sprint0.Task2.V0.csproj", "{1F1B4119-7CCB-4AFA-BAF7-5A7638E05B4E}"
EndProject
Project("{FAE04EC0-301F-11D3-BF4B-00C04F79EFBC}") = "Tyuiu.AshirovaDA.Sprint0.Task2.V0.Lib", "Tyuiu.AshirovaDA.Sprint0.Task2.V0.Lib\Tyuiu.AshirovaDA.Sprint0.Task2.V0.Lib.csproj", "{5608956C-1A76-4E66-9998-47DC2AD1327E}"
EndProject
Project("{FAE04EC0-301F-11D3-BF4B-00C04F79EFBC}") = "Tyuiu.AshirovaDA.Sprint0.Task2.V0.Test", "Tyuiu.AshirovaDA.Sprint0.Task2.V0.Test\Tyuiu.AshirovaDA.Sprint0.Task2.V0.Test.csproj", "{CD1520E4-1A91-4407-B588-0C6D8E0066FB}"
EndProject
Project("{2150E333-8FDC-42A3-9474-1A3956D46DE8}") = "Task3", "Task3", "{44364E3A-3806-49BA-B27F-423793B1775E}"
EndProject
Project("{FAE04EC0-301F-11D3-BF4B-00C04F79EFBC}") = "Tyuiu.AshirovaDA.Sprint0.Task3.V0", "Tyuiu.AshirovaDA.Sprint0.Task3.V0\Tyuiu.AshirovaDA.Sprint0.Task3.V0.csproj", "{9E5A0FBE-DAF8-4954-B732-335FB749298A}"
EndProject
Project("{FAE04EC0-301F-11D3-BF4B-00C04F79EFBC}") = "Tyuiu.AshirovaDA.Sprint0.Task3.V0.Lib", "Tyuiu.AshirovaDA.Sprint0.Task3.V0.Lib\Tyuiu.AshirovaDA.Sprint0.Task3.V0.Lib.csproj", "{D1F92B7A-C2A9-4DFB-8026-84DC959F7BCF}"
EndProject
Project("{FAE04EC0-301F-11D3-BF4B-00C04F79EFBC}") = "Tyuiu.AshirovaDA.Sprint0.Task3.V0.Test", "Tyuiu.AshirovaDA.Sprint0.Task3.V0.Test\Tyuiu.AshirovaDA.Sprint0.Task3.V0.Test.csproj", "{A2CB5FDE-9992-41C4-B7C5-A72991C59273}"
EndProject
Project("{2150E333-8FDC-42A3-9474-1A3956D46DE8}") = "Task4", "Task4", "{B6655DF8-7D9E-46A3-9514-FFA0C78FEDE3}"
EndProject
Project("{FAE04EC0-301F-11D3-BF4B-00C04F79EFBC}") = "Tyuiu.AshirovaDA.Sprint0.Task4.V0", "Tyuiu.AshirovaDA.Sprint0.Task4.V0\Tyuiu.AshirovaDA.Sprint0.Task4.V0.csproj", "{CE1B34F0-330E-4461-BE72-C8CBAF83C4C0}"
EndProject
Project("{FAE04EC0-301F-11D3-BF4B-00C04F79EFBC}") = "Tyuiu.AshirovaDA.Sprint0.Task4.V0.Lib", "Tyuiu.AshirovaDA.Sprint0.Task4.V0.Lib\Tyuiu.AshirovaDA.Sprint0.Task4.V0.Lib.csproj", "{11B5FC89-0F74-40D9-8585-8B1330008CF9}"
EndProject
Project("{FAE04EC0-301F-11D3-BF4B-00C04F79EFBC}") = "Tyuiu.AshirovaDA.Sprint0.Task4.V0.Test", "Tyuiu.AshirovaDA.Sprint0.Task4.V0.Test\Tyuiu.AshirovaDA.Sprint0.Task4.V0.Test.csproj", "{49E208A4-655B-47D8-AA38-E9D0AEDBD68D}"
EndProject
Project("{2150E333-8FDC-42A3-9474-1A3956D46DE8}") = "Task5", "Task5", "{9F84E81A-FCD3-444A-833E-3CBFBA54BE31}"
EndProject
Project("{FAE04EC0-301F-11D3-BF4B-00C04F79EFBC}") = "Tyuiu.AshirovaDA.Sprint0.Task5.V0", "Tyuiu.AshirovaDA.Sprint0.Task5.V0\Tyuiu.AshirovaDA.Sprint0.Task5.V0.csproj", "{5EC9C8AC-9C1D-4185-B6B0-6E2931D704BE}"
EndProject
Project("{FAE04EC0-301F-11D3-BF4B-00C04F79EFBC}") = "Tyuiu.AshirovaDA.Sprint0.Task5.V0.Test", "Tyuiu.AshirovaDA.Sprint0.Task5.V0.Test\Tyuiu.AshirovaDA.Sprint0.Task5.V0.Test.csproj", "{EFD51A43-1DD6-452D-A0D1-E1262D6E2331}"
EndProject
Project("{FAE04EC0-301F-11D3-BF4B-00C04F79EFBC}") = "Tyuiu.AshirovaDA.Sprint0.Task5.V0.Lib", "Tyuiu.AshirovaDA.Sprint0.Task5.V0.Lib\Tyuiu.AshirovaDA.Sprint0.Task5.V0.Lib.csproj", "{1F68B422-BED5-45A3-9F82-F47B600FC596}"
EndProject
Project("{2150E333-8FDC-42A3-9474-1A3956D46DE8}") = "Task6", "Task6", "{6F5FD10D-A395-43FC-93B6-79CAB283BEF5}"
EndProject
Project("{FAE04EC0-301F-11D3-BF4B-00C04F79EFBC}") = "Tyuiu.AshirovaDA.Sprint0.Task6.V0", "Tyuiu.AshirovaDA.Sprint0.Task6.V0\Tyuiu.AshirovaDA.Sprint0.Task6.V0.csproj", "{7A633B26-BA59-6374-DA66-BF1AB427EC8E}"
EndProject
Project("{FAE04EC0-301F-11D3-BF4B-00C04F79EFBC}") = "Tyuiu.AshirovaDA.Sprint0.Task6.V0.Lib", "Tyuiu.AshirovaDA.Sprint0.Task6.V0.Lib\Tyuiu.AshirovaDA.Sprint0.Task6.V0.Lib.csproj", "{46871638-986E-81DB-5688-04756CD41270}"
EndProject
Project("{FAE04EC0-301F-11D3-BF4B-00C04F79EFBC}") = "Tyuiu.AshirovaDA.Sprint0.Task6.V0.Test", "Tyuiu.AshirovaDA.Sprint0.Task6.V0.Test\Tyuiu.AshirovaDA.Sprint0.Task6.V0.Test.csproj", "{C6F443AC-D5B2-1D74-E1FA-B3C3311943D4}"
EndProject
Global
	GlobalSection(SolutionConfigurationPlatforms) = preSolution
		Debug|Any CPU = Debug|Any CPU
		Release|Any CPU = Release|Any CPU
	EndGlobalSection
	GlobalSection(ProjectConfigurationPlatforms) = postSolution
		{9630A6F4-3CD1-4BF2-9CE1-A99547F3240C}.Debug|Any CPU.ActiveCfg = Debug|Any CPU
		{9630A6F4-3CD1-4BF2-9CE1-A99547F3240C}.Debug|Any CPU.Build.0 = Debug|Any CPU
		{9630A6F4-3CD1-4BF2-9CE1-A99547F3240C}.Release|Any CPU.ActiveCfg = Release|Any CPU
		{9630A6F4-3CD1-4BF2-9CE1-A99547F3240C}.Release|Any CPU.Build.0 = Release|Any CPU
		{5D441EF0-56FB-462F-B85F-7B0D9215C7C0}.Debug|Any CPU.ActiveCfg = Debug|Any CPU
		{5D441EF0-56FB-462F-B85F-7B0D9215C7C0}.Debug|Any CPU.Build.0 = Debug|Any CPU
		{5D441EF0-56FB-462F-B85F-7B0D9215C7C0}.Release|Any CPU.ActiveCfg = Release|Any CPU
		{5D441EF0-56FB-462F-B85F-7B0D9215C7C0}.Release|Any CPU.Build.0 = Release|Any CPU
		{1F1B4119-7CCB-4AFA-BAF7-5A7638E05B4E}.Debug|Any CPU.ActiveCfg = Debug|Any CPU
		{1F1B4119-7CCB-4AFA-BAF7-5A7638E05B4E}.Debug|Any CPU.Build.0 = Debug|Any CPU
		{1F1B4119-7CCB-4AFA-BAF7-5A7638E05B4E}.Release|Any CPU.ActiveCfg = Release|Any CPU
		{1F1B4119-7CCB-4AFA-BAF7-5A7638E05B4E}.Release|Any CPU.Build.0 = Release|Any CPU
		{5608956C-1A76-4E66-9998-47DC2AD1327E}.Debug|Any CPU.ActiveCfg = Debug|Any CPU
		{5608956C-1A76-4E66-9998-47DC2AD1327E}.Debug|Any CPU.Build.0 = Debug|Any CPU
		{5608956C-1A76-4E66-9998-47DC2AD1327E}.Release|Any CPU.ActiveCfg = Release|Any CPU
		{5608956C-1A76-4E66-9998-47DC2AD1327E}.Release|Any CPU.Build.0 = Release|Any CPU
		{CD1520E4-1A91-4407-B588-0C6D8E0066FB}.Debug|Any CPU.ActiveCfg = Debug|Any CPU
		{CD1520E4-1A91-4407-B588-0C6D8E0066FB}.Debug|Any CPU.Build.0 = Debug|Any CPU
		{CD1520E4-1A91-4407-B588-0C6D8E0066FB}.Release|Any CPU.ActiveCfg = Release|Any CPU
		{CD1520E4-1A91-4407-B588-0C6D8E0066FB}.Release|Any CPU.Build.0 = Release|Any CPU
		{9E5A0FBE-DAF8-4954-B732-335FB749298A}.Debug|Any CPU.ActiveCfg = Debug|Any CPU
		{9E5A0FBE-DAF8-4954-B732-335FB749298A}.Debug|Any CPU.Build.0 = Debug|Any CPU
		{9E5A0FBE-DAF8-4954-B732-335FB749298A}.Release|Any CPU.ActiveCfg = Release|Any CPU
		{9E5A0FBE-DAF8-4954-B732-335FB749298A}.Release|Any CPU.Build.0 = Release|Any CPU
		{D1F92B7A-C2A9-4DFB-8026-84DC959F7BCF}.Debug|Any CPU.ActiveCfg = Debug|Any CPU
		{D1F92B7A-C2A9-4DFB-8026-84DC959F7BCF}.Debug|Any CPU.Build.0 = Debug|Any CPU
		{D1F92B7A-C2A9-4DFB-8026-84DC959F7BCF}.Release|Any CPU.ActiveCfg = Release|Any CPU
		{D1F92B7A-C2A9-4DFB-8026-84DC959F7BCF}.Release|Any CPU.Build.0 = Release|Any CPU
		{A2CB5FDE-9992-41C4-B7C5-A72991C59273}.Debug|Any CPU.ActiveCfg = Debug|Any CPU
		{A2CB5FDE-9992-41C4-B7C5-A72991C59273}.Debug|Any CPU.Build.0 = Debug|Any CPU
		{A2CB5FDE-9992-41C4-B7C5-A72991C59273}.Release|Any CPU.ActiveCfg = Release|Any CPU
		{A2CB5FDE-9992-41C4-B7C5-A72991C59273}.Release|Any CPU.Build.0 = Release|Any CPU
		{CE1B34F0-330E-4461-BE72-C8CBAF83C4C0}.Debug|Any CPU.ActiveCfg = Debug|Any CPU
		{CE1B34F0-330E-4461-BE72-C8CBAF83C4C0}.Debug|Any CPU.Build.0 = Debug|Any CPU
		{CE1B34F0-330E-4461-BE72-C8CBAF83C4C0}.Release|Any CPU.ActiveCfg = Release|Any CPU
		{CE1B34F0-330E-4461-BE72-C8CBAF83C4C0}.Release|Any CPU.Build.0 = Release|Any CPU
		{11B5FC89-0F74-40D9-8585-8B1330008CF9}.Debug|Any CPU.ActiveCfg = Debug|Any CPU
		{11B5FC89-0F74-40D9-8585-8B1330008CF9}.Debug|Any CPU.Build.0 = Debug|Any CPU
		{11B5FC89-0F74-40D9-8585-8B1330008CF9}.Release|Any CPU.ActiveCfg = Release|Any CPU
		{11B5FC89-0F74-40D9-8585-8B1330008CF9}.Release|Any CPU.Build.0 = Release|Any CPU
		{49E208A4-655B-47D8-AA38-E9D0AEDBD68D}.Debug|Any CPU.ActiveCfg = Debug|Any CPU
		{49E208A4-655B-47D8-AA38-E9D0AEDBD68D}.Debug|Any CPU.Build.0 = Debug|Any CPU
		{49E208A4-655B-47D8-AA38-E9D0AEDBD68D}.Release|Any CPU.ActiveCfg = Release|Any CPU
		{49E208A4-655B-47D8-AA38-E9D0AEDBD68D}.Release|Any CPU.Build.0 = Release|Any CPU
		{5EC9C8AC-9C1D-4185-B6B0-6E2931D704BE}.Debug|Any CPU.ActiveCfg = Debug|Any CPU
		{5EC9C8AC-9C1D-4185-B6B0-6E2931D704BE}.Debug|Any CPU.Build.0 = Debug|Any CPU
		{5EC9C8AC-9C1D-4185-B6B0-6E2931D704BE}.Release|Any CPU.ActiveCfg = Release|Any CPU
		{5EC9C8AC-9C1D-4185-B6B0-6E2931D704BE}.Release|Any CPU.Build.0 = Release|Any CPU
		{EFD51A43-1DD6-452D-A0D1-E1262D6E2331}.Debug|Any CPU.ActiveCfg = Debug|Any CPU
		{EFD51A43-1DD6-452D-A0D1-E1262D6E2331}.Debug|Any CPU.Build.0 = Debug|Any CPU
		{EFD51A43-1DD6-452D-A0D1-E1262D6E2331}.Release|Any CPU.ActiveCfg = Release|Any CPU
		{EFD51A43-1DD6-452D-A0D1-E1262D6E2331}.Release|Any CPU.Build.0 = Release|Any CPU
		{1F68B422-BED5-45A3-9F82-F47B600FC596}.Debug|Any CPU.ActiveCfg = Debug|Any CPU
		{1F68B422-BED5-45A3-9F82-F47B600FC596}.Debug|Any CPU.Build.0 = Debug|Any CPU
		{1F68B422-BED5-45A3-9F82-F47B600FC596}.Release|Any CPU.ActiveCfg = Release|Any CPU
		{1F68B422-BED5-45A3-9F82-F47B600FC596}.Release|Any CPU.Build.0 = Release|Any CPU
		{7A633B26-BA59-6374-DA66-BF1AB427EC8E}.Debug|Any CPU.ActiveCfg = Debug|Any CPU
		{7A633B26-BA59-6374-DA66-BF1AB427EC8E}.Debug|Any CPU.Build.0 = Debug|Any CPU
		{7A633B26-BA59-6374-DA66-BF1AB427EC8E}.Release|Any CPU.ActiveCfg = Release|Any CPU
		{7A633B26-BA59-6374-DA66-BF1AB427EC8E}.Release|Any CPU.Build.0 = Release|Any CPU
		{46871638-986E-81DB-5688-04756CD41270}.Debug|Any CPU.ActiveCfg = Debug|Any CPU
		{46871638-986E-81DB-5688-04756CD41270}.Debug|Any CPU.Build.0 = Debug|Any CPU
		{46871638-986E-81DB-5688-04756CD41270}.Release|Any CPU.ActiveCfg = Release|Any CPU
		{46871638-986E-81DB-5688-04756CD41270}.Release|Any CPU.Build.0 = Release|Any CPU
		{C6F443AC-D5B2-1D74-E1FA-B3C3311943D4}.Debug|Any CPU.ActiveCfg = Debug|Any CPU
		{C6F443AC-D5B2-1D74-E1FA-B3C3311943D4}.Debug|Any CPU.Build.0 = Debug|Any CPU
		{C6F443AC-D5B2-1D74-E1FA-B3C3311943D4}.Release|Any CPU.ActiveCfg = Release|Any CPU
		{C6F443AC-D5B2-1D74-E1FA-B3C3311943D4}.Release|Any CPU.Build.0 = Release|Any CPU
	EndGlobalSection
	GlobalSection(SolutionProperties) = preSolution
		HideSolutionNode = FALSE
	EndGlobalSection
	GlobalSection(NestedProjects) = preSolution
		{9630A6F4-3CD1-4BF2-9CE1-A99547F3240C} = {02EA681E-C7D8-13C7-8484-4AC65E1B71E8}
		{5D441EF0-56FB-462F-B85F-7B0D9215C7C0} = {257B423B-4055-4C7C-84D3-5BE1241DC35B}
		{1F1B4119-7CCB-4AFA-BAF7-5A7638E05B4E} = {57D4BC74-A38C-4B7D-A08B-2921C7C557D6}
		{5608956C-1A76-4E66-9998-47DC2AD1327E} = {57D4BC74-A38C-4B7D-A08B-2921C7C557D6}
		{CD1520E4-1A91-4407-B588-0C6D8E0066FB} = {57D4BC74-A38C-4B7D-A08B-2921C7C557D6}
		{9E5A0FBE-DAF8-4954-B732-335FB749298A} = {44364E3A-3806-49BA-B27F-423793B1775E}
		{D1F92B7A-C2A9-4DFB-8026-84DC959F7BCF} = {44364E3A-3806-49BA-B27F-423793B1775E}
		{A2CB5FDE-9992-41C4-B7C5-A72991C59273} = {44364E3A-3806-49BA-B27F-423793B1775E}
		{CE1B34F0-330E-4461-BE72-C8CBAF83C4C0} = {B6655DF8-7D9E-46A3-9514-FFA0C78FEDE3}
		{11B5FC89-0F74-40D9-8585-8B1330008CF9} = {B6655DF8-7D9E-46A3-9514-FFA0C78FEDE3}
		{49E208A4-655B-47D8-AA38-E9D0AEDBD68D} = {B6655DF8-7D9E-46A3-9514-FFA0C78FEDE3}
		{5EC9C8AC-9C1D-4185-B6B0-6E2931D704BE} = {9F84E81A-FCD3-444A-833E-3CBFBA54BE31}
		{EFD51A43-1DD6-452D-A0D1-E1262D6E2331} = {9F84E81A-FCD3-444A-833E-3CBFBA54BE31}
		{1F68B422-BED5-45A3-9F82-F47B600FC596} = {9F84E81A-FCD3-444A-833E-3CBFBA54BE31}
		{7A633B26-BA59-6374-DA66-BF1AB427EC8E} = {6F5FD10D-A395-43FC-93B6-79CAB283BEF5}
		{46871638-986E-81DB-5688-04756CD41270} = {6F5FD10D-A395-43FC-93B6-79CAB283BEF5}
		{C6F443AC-D5B2-1D74-E1FA-B3C3311943D4} = {6F5FD10D-A395-43FC-93B6-79CAB283BEF5}
	EndGlobalSection
	GlobalSection(ExtensibilityGlobals) = postSolution
		SolutionGuid = {61317568-C02E-453D-9E02-592D4D8B1F80}
	EndGlobalSection
EndGlobal
