
Microsoft Visual Studio Solution File, Format Version 12.00
# Visual Studio Version 17
VisualStudioVersion = 17.14.36930.0
MinimumVisualStudioVersion = 10.0.40219.1
Project("{2150E333-8FDC-42A3-9474-1A3956D46DE8}") = "Task0", "Task0", "{02EA681E-C7D8-13C7-8484-4AC65E1B71E8}"
EndProject
Project("{FAE04EC0-301F-11D3-BF4B-00C04F79EFBC}") = "Tyuiu.AshirovaDA.Sprint0.Task0.V0", "Tyuiu.AshirovaDA.Sprint0.Task0.V0\Tyuiu.AshirovaDA.Sprint0.Task0.V0.csproj", "{9630A6F4-3CD1-4BF2-9CE1-A99547F3240C}"
EndProject
Project("{2150E333-8FDC-42A3-9474-1A3956D46DE8}") = "Task1", "Task1", "{257B423B-4055-4C7C-84D3-5BE1241DC35B}"
EndProject
Project("{FAE04EC0-301F-11D3-BF4B-00C04F79EFBC}") = "Tyuiu.AshirovaDA.Srint0.Task1.V0", "Tyuiu.AshirovaDA.Srint0.Task1.V0\Tyuiu.AshirovaDA.Srint0.Task1.V0.csproj", "{5D441EF0-56FB-462F-B85F-7B0D9215C7C0}"
EndProject
Global
	GlobalSection(SolutionConfigurationPlatforms) = preSolution
		Debug|Any CPU = Debug|Any CPU
		Release|Any CPU = Release|Any CPU
	EndGlobalSection
	GlobalSection(ProjectConfigurationPlatforms) = postSolution
		{9630A6F4-3CD1-4BF2-9CE1-A99547F3240C}.Debug|Any CPU.ActiveCfg = Debug|Any CPU
		{9630A6F4-3CD1-4BF2-9CE1-A99547F3240C}.Debug|Any CPU.Build.0 = Debug|Any CPU
		{9630A6F4-3CD1-4BF2-9CE1-A99547F3240C}.Release|Any CPU.ActiveCfg = Release|Any CPU
		{9630A6F4-3CD1-4BF2-9CE1-A99547F3240C}.Release|Any CPU.Build.0 = Release|Any CPU
		{5D441EF0-56FB-462F-B85F-7B0D9215C7C0}.Debug|Any CPU.ActiveCfg = Debug|Any CPU
		{5D441EF0-56FB-462F-B85F-7B0D9215C7C0}.Debug|Any CPU.Build.0 = Debug|Any CPU
		{5D441EF0-56FB-462F-B85F-7B0D9215C7C0}.Release|Any CPU.ActiveCfg = Release|Any CPU
		{5D441EF0-56FB-462F-B85F-7B0D9215C7C0}.Release|Any CPU.Build.0 = Release|Any CPU
	EndGlobalSection
	GlobalSection(SolutionProperties) = preSolution
		HideSolutionNode = FALSE
	EndGlobalSection
	GlobalSection(NestedProjects) = preSolution
		{9630A6F4-3CD1-4BF2-9CE1-A99547F3240C} = {02EA681E-C7D8-13C7-8484-4AC65E1B71E8}
		{5D441EF0-56FB-462F-B85F-7B0D9215C7C0} = {257B423B-4055-4C7C-84D3-5BE1241DC35B}
	EndGlobalSection
	GlobalSection(ExtensibilityGlobals) = postSolution
		SolutionGuid = {61317568-C02E-453D-9E02-592D4D8B1F80}
	EndGlobalSection
EndGlobal
